// !$*UTF8*$!
{
	archiveVersion = 1;
	classes = {
	};
	objectVersion = 46;
	objects = {

/* Begin PBXBuildFile section */
		1F035E6E1429A3160086B572 /* CustomCell.m in Sources */ = {isa = PBXBuildFile; fileRef = 1F035E6C1429A3160086B572 /* CustomCell.m */; };
		1F035E6F1429A3160086B572 /* CustomCell.xib in Resources */ = {isa = PBXBuildFile; fileRef = 1F035E6D1429A3160086B572 /* CustomCell.xib */; };
		1F1680521408D07F005C6216 /* UIKit.framework in Frameworks */ = {isa = PBXBuildFile; fileRef = 1F1680511408D07F005C6216 /* UIKit.framework */; };
		1F1680541408D07F005C6216 /* Foundation.framework in Frameworks */ = {isa = PBXBuildFile; fileRef = 1F1680531408D07F005C6216 /* Foundation.framework */; };
		1F1680561408D07F005C6216 /* CoreGraphics.framework in Frameworks */ = {isa = PBXBuildFile; fileRef = 1F1680551408D07F005C6216 /* CoreGraphics.framework */; };
		1F1680581408D07F005C6216 /* CoreData.framework in Frameworks */ = {isa = PBXBuildFile; fileRef = 1F1680571408D07F005C6216 /* CoreData.framework */; };
		1F16805E1408D07F005C6216 /* InfoPlist.strings in Resources */ = {isa = PBXBuildFile; fileRef = 1F16805C1408D07F005C6216 /* InfoPlist.strings */; };
		1F1680601408D07F005C6216 /* main.m in Sources */ = {isa = PBXBuildFile; fileRef = 1F16805F1408D07F005C6216 /* main.m */; };
		1F1680641408D07F005C6216 /* BoardMemoAppDelegate.m in Sources */ = {isa = PBXBuildFile; fileRef = 1F1680631408D07F005C6216 /* BoardMemoAppDelegate.m */; };
		1F1680671408D07F005C6216 /* BoardMemo.xcdatamodeld in Sources */ = {isa = PBXBuildFile; fileRef = 1F1680651408D07F005C6216 /* BoardMemo.xcdatamodeld */; };
		1F16806A1408D07F005C6216 /* MasterViewController.m in Sources */ = {isa = PBXBuildFile; fileRef = 1F1680691408D07F005C6216 /* MasterViewController.m */; };
		1F1680701408D07F005C6216 /* MasterViewController.xib in Resources */ = {isa = PBXBuildFile; fileRef = 1F16806E1408D07F005C6216 /* MasterViewController.xib */; };
		1F16807B1408D080005C6216 /* SenTestingKit.framework in Frameworks */ = {isa = PBXBuildFile; fileRef = 1F16807A1408D080005C6216 /* SenTestingKit.framework */; };
		1F16807C1408D080005C6216 /* UIKit.framework in Frameworks */ = {isa = PBXBuildFile; fileRef = 1F1680511408D07F005C6216 /* UIKit.framework */; };
		1F16807D1408D080005C6216 /* Foundation.framework in Frameworks */ = {isa = PBXBuildFile; fileRef = 1F1680531408D07F005C6216 /* Foundation.framework */; };
		1F16807E1408D080005C6216 /* CoreGraphics.framework in Frameworks */ = {isa = PBXBuildFile; fileRef = 1F1680551408D07F005C6216 /* CoreGraphics.framework */; };
		1F16807F1408D080005C6216 /* CoreData.framework in Frameworks */ = {isa = PBXBuildFile; fileRef = 1F1680571408D07F005C6216 /* CoreData.framework */; };
		1F1680871408D080005C6216 /* InfoPlist.strings in Resources */ = {isa = PBXBuildFile; fileRef = 1F1680851408D080005C6216 /* InfoPlist.strings */; };
		1F16808A1408D080005C6216 /* BoardMemoTests.m in Sources */ = {isa = PBXBuildFile; fileRef = 1F1680891408D080005C6216 /* BoardMemoTests.m */; };
		1F1680941408D149005C6216 /* Icon.png in Resources */ = {isa = PBXBuildFile; fileRef = 1F1680931408D149005C6216 /* Icon.png */; };
		1F1680A01408D924005C6216 /* BulletinListLinen.png in Resources */ = {isa = PBXBuildFile; fileRef = 1F16809E1408D924005C6216 /* BulletinListLinen.png */; };
		1F1680A11408D924005C6216 /* BulletinListLinen@2x.png in Resources */ = {isa = PBXBuildFile; fileRef = 1F16809F1408D924005C6216 /* BulletinListLinen@2x.png */; };
		1F32E3D9147F23C8006E3B0A /* StartGuideViewController.m in Sources */ = {isa = PBXBuildFile; fileRef = 1F32E3DA147F23C8006E3B0A /* StartGuideViewController.m */; };
		1F43DE24144C7D0B00150534 /* Icon@2x.png in Resources */ = {isa = PBXBuildFile; fileRef = 1F43DE23144C7D0B00150534 /* Icon@2x.png */; };
		1F4402E5157B3B7600FF78A6 /* AAMFeedbackTopicsViewController.m in Sources */ = {isa = PBXBuildFile; fileRef = 1F4402E1157B3B7600FF78A6 /* AAMFeedbackTopicsViewController.m */; };
		1F4402E6157B3B7600FF78A6 /* AAMFeedbackViewController.m in Sources */ = {isa = PBXBuildFile; fileRef = 1F4402E3157B3B7600FF78A6 /* AAMFeedbackViewController.m */; };
		1F4402E9157B3B8900FF78A6 /* Appirater.m in Sources */ = {isa = PBXBuildFile; fileRef = 1F4402E8157B3B8900FF78A6 /* Appirater.m */; };
		1F4402EF157B434D00FF78A6 /* CFNetwork.framework in Frameworks */ = {isa = PBXBuildFile; fileRef = 1F4402EE157B434D00FF78A6 /* CFNetwork.framework */; };
		1F4402F1157B435B00FF78A6 /* SystemConfiguration.framework in Frameworks */ = {isa = PBXBuildFile; fileRef = 1F4402F0157B435B00FF78A6 /* SystemConfiguration.framework */; };
		1F4DEBD71421BF2800F58DC3 /* UITextViewForMemo.m in Sources */ = {isa = PBXBuildFile; fileRef = 1F4DEBD61421BF2800F58DC3 /* UITextViewForMemo.m */; };
		1F8689CE142F453F00B2F97C /* CopyrightViewController.m in Sources */ = {isa = PBXBuildFile; fileRef = 1F8689C9142F453F00B2F97C /* CopyrightViewController.m */; };
		1F8689CF142F453F00B2F97C /* CopyrightViewController.xib in Resources */ = {isa = PBXBuildFile; fileRef = 1F8689CA142F453F00B2F97C /* CopyrightViewController.xib */; };
		1F8689D0142F453F00B2F97C /* SettingViewController.m in Sources */ = {isa = PBXBuildFile; fileRef = 1F8689CC142F453F00B2F97C /* SettingViewController.m */; };
		1F8689D1142F453F00B2F97C /* SettingViewController.xib in Resources */ = {isa = PBXBuildFile; fileRef = 1F8689CD142F453F00B2F97C /* SettingViewController.xib */; };
		1F8689D6142F486F00B2F97C /* MessageUI.framework in Frameworks */ = {isa = PBXBuildFile; fileRef = 1F8689D5142F486F00B2F97C /* MessageUI.framework */; };
		1F8B22DA1430E17D0021F163 /* Memo.m in Sources */ = {isa = PBXBuildFile; fileRef = 1F8B22D91430E17D0021F163 /* Memo.m */; };
		1F94E0471442ACBE0047A5BA /* Localizable.strings in Resources */ = {isa = PBXBuildFile; fileRef = 1F94E0491442ACBE0047A5BA /* Localizable.strings */; };
		1F94E07A14432B970047A5BA /* StartGuideViewController.xib in Resources */ = {isa = PBXBuildFile; fileRef = 1F94E07C14432B970047A5BA /* StartGuideViewController.xib */; };
		1F9685F9141B33ED00B8CB68 /* EditMemoViewController.m in Sources */ = {isa = PBXBuildFile; fileRef = 1F9685F7141B33ED00B8CB68 /* EditMemoViewController.m */; };
		1F9685FA141B33ED00B8CB68 /* EditMemoViewController.xib in Resources */ = {isa = PBXBuildFile; fileRef = 1F9685F8141B33ED00B8CB68 /* EditMemoViewController.xib */; };
		1F968609141B486700B8CB68 /* AddMemoViewController.m in Sources */ = {isa = PBXBuildFile; fileRef = 1F968607141B486700B8CB68 /* AddMemoViewController.m */; };
		1F96860A141B486700B8CB68 /* AddMemoViewController.xib in Resources */ = {isa = PBXBuildFile; fileRef = 1F968608141B486700B8CB68 /* AddMemoViewController.xib */; };
		1F99B8E4147FF7D50094EF27 /* ImageForStartGuide_en_1.png in Resources */ = {isa = PBXBuildFile; fileRef = 1F99B8CA147FF7D50094EF27 /* ImageForStartGuide_en_1.png */; };
		1F99B8E5147FF7D50094EF27 /* ImageForStartGuide_en_1@2x.png in Resources */ = {isa = PBXBuildFile; fileRef = 1F99B8CB147FF7D50094EF27 /* ImageForStartGuide_en_1@2x.png */; };
		1F99B8E6147FF7D50094EF27 /* ImageForStartGuide_en_2.png in Resources */ = {isa = PBXBuildFile; fileRef = 1F99B8CC147FF7D50094EF27 /* ImageForStartGuide_en_2.png */; };
		1F99B8E7147FF7D50094EF27 /* ImageForStartGuide_en_2@2x.png in Resources */ = {isa = PBXBuildFile; fileRef = 1F99B8CD147FF7D50094EF27 /* ImageForStartGuide_en_2@2x.png */; };
		1F99B8E8147FF7D50094EF27 /* ImageForStartGuide_en_3.png in Resources */ = {isa = PBXBuildFile; fileRef = 1F99B8CE147FF7D50094EF27 /* ImageForStartGuide_en_3.png */; };
		1F99B8E9147FF7D50094EF27 /* ImageForStartGuide_en_3@2x.png in Resources */ = {isa = PBXBuildFile; fileRef = 1F99B8CF147FF7D50094EF27 /* ImageForStartGuide_en_3@2x.png */; };
		1F99B8EA147FF7D50094EF27 /* ImageForStartGuide_jp_1.png in Resources */ = {isa = PBXBuildFile; fileRef = 1F99B8D1147FF7D50094EF27 /* ImageForStartGuide_jp_1.png */; };
		1F99B8EB147FF7D50094EF27 /* ImageForStartGuide_jp_1@2x.png in Resources */ = {isa = PBXBuildFile; fileRef = 1F99B8D2147FF7D50094EF27 /* ImageForStartGuide_jp_1@2x.png */; };
		1F99B8EC147FF7D50094EF27 /* ImageForStartGuide_jp_2.png in Resources */ = {isa = PBXBuildFile; fileRef = 1F99B8D3147FF7D50094EF27 /* ImageForStartGuide_jp_2.png */; };
		1F99B8ED147FF7D50094EF27 /* ImageForStartGuide_jp_2@2x.png in Resources */ = {isa = PBXBuildFile; fileRef = 1F99B8D4147FF7D50094EF27 /* ImageForStartGuide_jp_2@2x.png */; };
		1F99B8EE147FF7D50094EF27 /* ImageForStartGuide_jp_3.png in Resources */ = {isa = PBXBuildFile; fileRef = 1F99B8D5147FF7D50094EF27 /* ImageForStartGuide_jp_3.png */; };
		1F99B8EF147FF7D50094EF27 /* ImageForStartGuide_jp_3@2x.png in Resources */ = {isa = PBXBuildFile; fileRef = 1F99B8D6147FF7D50094EF27 /* ImageForStartGuide_jp_3@2x.png */; };
		1FEBE01814432F0D001BDF57 /* arrowRight.png in Resources */ = {isa = PBXBuildFile; fileRef = 1FEBE01614432F0D001BDF57 /* arrowRight.png */; };
		1FEBE01914432F0D001BDF57 /* arrowRight@2x.png in Resources */ = {isa = PBXBuildFile; fileRef = 1FEBE01714432F0D001BDF57 /* arrowRight@2x.png */; };
		1FEC4FEB15F5C41D00D12754 /* EditAlertViewController.m in Sources */ = {isa = PBXBuildFile; fileRef = 1FEC4FE915F5C41D00D12754 /* EditAlertViewController.m */; };
		1FEC4FEC15F5C41D00D12754 /* EditAlertViewController.xib in Resources */ = {isa = PBXBuildFile; fileRef = 1FEC4FEA15F5C41D00D12754 /* EditAlertViewController.xib */; };
		1FEC4FFA15F5F55200D12754 /* NSDate+Extention.m in Sources */ = {isa = PBXBuildFile; fileRef = 1FEC4FF815F5F55100D12754 /* NSDate+Extention.m */; };
/* End PBXBuildFile section */

/* Begin PBXContainerItemProxy section */
		1F1680801408D080005C6216 /* PBXContainerItemProxy */ = {
			isa = PBXContainerItemProxy;
			containerPortal = 1F1680441408D07F005C6216 /* Project object */;
			proxyType = 1;
			remoteGlobalIDString = 1F16804C1408D07F005C6216;
			remoteInfo = BoardMemo;
		};
/* End PBXContainerItemProxy section */

/* Begin PBXFileReference section */
		1F035E6B1429A3160086B572 /* CustomCell.h */ = {isa = PBXFileReference; fileEncoding = 4; lastKnownFileType = sourcecode.c.h; path = CustomCell.h; sourceTree = "<group>"; };
		1F035E6C1429A3160086B572 /* CustomCell.m */ = {isa = PBXFileReference; fileEncoding = 4; lastKnownFileType = sourcecode.c.objc; path = CustomCell.m; sourceTree = "<group>"; };
		1F035E6D1429A3160086B572 /* CustomCell.xib */ = {isa = PBXFileReference; fileEncoding = 4; lastKnownFileType = file.xib; path = CustomCell.xib; sourceTree = "<group>"; };
		1F16804D1408D07F005C6216 /* BoardMemo.app */ = {isa = PBXFileReference; explicitFileType = wrapper.application; includeInIndex = 0; path = BoardMemo.app; sourceTree = BUILT_PRODUCTS_DIR; };
		1F1680511408D07F005C6216 /* UIKit.framework */ = {isa = PBXFileReference; lastKnownFileType = wrapper.framework; name = UIKit.framework; path = System/Library/Frameworks/UIKit.framework; sourceTree = SDKROOT; };
		1F1680531408D07F005C6216 /* Foundation.framework */ = {isa = PBXFileReference; lastKnownFileType = wrapper.framework; name = Foundation.framework; path = System/Library/Frameworks/Foundation.framework; sourceTree = SDKROOT; };
		1F1680551408D07F005C6216 /* CoreGraphics.framework */ = {isa = PBXFileReference; lastKnownFileType = wrapper.framework; name = CoreGraphics.framework; path = System/Library/Frameworks/CoreGraphics.framework; sourceTree = SDKROOT; };
		1F1680571408D07F005C6216 /* CoreData.framework */ = {isa = PBXFileReference; lastKnownFileType = wrapper.framework; name = CoreData.framework; path = System/Library/Frameworks/CoreData.framework; sourceTree = SDKROOT; };
		1F16805B1408D07F005C6216 /* BoardMemo-Info.plist */ = {isa = PBXFileReference; lastKnownFileType = text.plist.xml; path = "BoardMemo-Info.plist"; sourceTree = "<group>"; };
		1F16805D1408D07F005C6216 /* en */ = {isa = PBXFileReference; lastKnownFileType = text.plist.strings; name = en; path = en.lproj/InfoPlist.strings; sourceTree = "<group>"; };
		1F16805F1408D07F005C6216 /* main.m */ = {isa = PBXFileReference; lastKnownFileType = sourcecode.c.objc; path = main.m; sourceTree = "<group>"; };
		1F1680611408D07F005C6216 /* BoardMemo-Prefix.pch */ = {isa = PBXFileReference; lastKnownFileType = sourcecode.c.h; path = "BoardMemo-Prefix.pch"; sourceTree = "<group>"; };
		1F1680621408D07F005C6216 /* BoardMemoAppDelegate.h */ = {isa = PBXFileReference; lastKnownFileType = sourcecode.c.h; path = BoardMemoAppDelegate.h; sourceTree = "<group>"; };
		1F1680631408D07F005C6216 /* BoardMemoAppDelegate.m */ = {isa = PBXFileReference; lastKnownFileType = sourcecode.c.objc; path = BoardMemoAppDelegate.m; sourceTree = "<group>"; };
		1F1680661408D07F005C6216 /* BoardMemo.xcdatamodel */ = {isa = PBXFileReference; lastKnownFileType = wrapper.xcdatamodel; path = BoardMemo.xcdatamodel; sourceTree = "<group>"; };
		1F1680681408D07F005C6216 /* MasterViewController.h */ = {isa = PBXFileReference; lastKnownFileType = sourcecode.c.h; path = MasterViewController.h; sourceTree = "<group>"; };
		1F1680691408D07F005C6216 /* MasterViewController.m */ = {isa = PBXFileReference; lastKnownFileType = sourcecode.c.objc; path = MasterViewController.m; sourceTree = "<group>"; };
		1F16806F1408D07F005C6216 /* en */ = {isa = PBXFileReference; lastKnownFileType = file.xib; name = en; path = en.lproj/MasterViewController.xib; sourceTree = "<group>"; };
		1F1680791408D080005C6216 /* BoardMemoTests.octest */ = {isa = PBXFileReference; explicitFileType = wrapper.cfbundle; includeInIndex = 0; path = BoardMemoTests.octest; sourceTree = BUILT_PRODUCTS_DIR; };
		1F16807A1408D080005C6216 /* SenTestingKit.framework */ = {isa = PBXFileReference; lastKnownFileType = wrapper.framework; name = SenTestingKit.framework; path = Library/Frameworks/SenTestingKit.framework; sourceTree = DEVELOPER_DIR; };
		1F1680841408D080005C6216 /* BoardMemoTests-Info.plist */ = {isa = PBXFileReference; lastKnownFileType = text.plist.xml; path = "BoardMemoTests-Info.plist"; sourceTree = "<group>"; };
		1F1680861408D080005C6216 /* en */ = {isa = PBXFileReference; lastKnownFileType = text.plist.strings; name = en; path = en.lproj/InfoPlist.strings; sourceTree = "<group>"; };
		1F1680881408D080005C6216 /* BoardMemoTests.h */ = {isa = PBXFileReference; lastKnownFileType = sourcecode.c.h; path = BoardMemoTests.h; sourceTree = "<group>"; };
		1F1680891408D080005C6216 /* BoardMemoTests.m */ = {isa = PBXFileReference; lastKnownFileType = sourcecode.c.objc; path = BoardMemoTests.m; sourceTree = "<group>"; };
		1F1680931408D149005C6216 /* Icon.png */ = {isa = PBXFileReference; lastKnownFileType = image.png; path = Icon.png; sourceTree = "<group>"; };
		1F16809E1408D924005C6216 /* BulletinListLinen.png */ = {isa = PBXFileReference; lastKnownFileType = image.png; path = BulletinListLinen.png; sourceTree = "<group>"; };
		1F16809F1408D924005C6216 /* BulletinListLinen@2x.png */ = {isa = PBXFileReference; lastKnownFileType = image.png; path = "BulletinListLinen@2x.png"; sourceTree = "<group>"; };
		1F1A3FD714412CC300784A9A /* StartGuideViewController.h */ = {isa = PBXFileReference; fileEncoding = 4; lastKnownFileType = sourcecode.c.h; path = StartGuideViewController.h; sourceTree = "<group>"; };
		1F32E3DA147F23C8006E3B0A /* StartGuideViewController.m */ = {isa = PBXFileReference; lastKnownFileType = sourcecode.c.objc; path = StartGuideViewController.m; sourceTree = "<group>"; };
		1F43DE23144C7D0B00150534 /* Icon@2x.png */ = {isa = PBXFileReference; lastKnownFileType = image.png; path = "Icon@2x.png"; sourceTree = "<group>"; };
		1F4402E1157B3B7600FF78A6 /* AAMFeedbackTopicsViewController.m */ = {isa = PBXFileReference; fileEncoding = 4; lastKnownFileType = sourcecode.c.objc; path = AAMFeedbackTopicsViewController.m; sourceTree = "<group>"; };
		1F4402E2157B3B7600FF78A6 /* AAMFeedbackViewController.h */ = {isa = PBXFileReference; fileEncoding = 4; lastKnownFileType = sourcecode.c.h; path = AAMFeedbackViewController.h; sourceTree = "<group>"; };
		1F4402E3157B3B7600FF78A6 /* AAMFeedbackViewController.m */ = {isa = PBXFileReference; fileEncoding = 4; lastKnownFileType = sourcecode.c.objc; path = AAMFeedbackViewController.m; sourceTree = "<group>"; };
		1F4402E4157B3B7600FF78A6 /* AAMFeedbackTopicsViewController.h */ = {isa = PBXFileReference; fileEncoding = 4; lastKnownFileType = sourcecode.c.h; path = AAMFeedbackTopicsViewController.h; sourceTree = "<group>"; };
		1F4402E7157B3B8900FF78A6 /* Appirater.h */ = {isa = PBXFileReference; fileEncoding = 4; lastKnownFileType = sourcecode.c.h; path = Appirater.h; sourceTree = "<group>"; };
		1F4402E8157B3B8900FF78A6 /* Appirater.m */ = {isa = PBXFileReference; fileEncoding = 4; lastKnownFileType = sourcecode.c.objc; path = Appirater.m; sourceTree = "<group>"; };
		1F4402EE157B434D00FF78A6 /* CFNetwork.framework */ = {isa = PBXFileReference; lastKnownFileType = wrapper.framework; name = CFNetwork.framework; path = System/Library/Frameworks/CFNetwork.framework; sourceTree = SDKROOT; };
		1F4402F0157B435B00FF78A6 /* SystemConfiguration.framework */ = {isa = PBXFileReference; lastKnownFileType = wrapper.framework; name = SystemConfiguration.framework; path = System/Library/Frameworks/SystemConfiguration.framework; sourceTree = SDKROOT; };
		1F4DEBD51421BF2800F58DC3 /* UITextViewForMemo.h */ = {isa = PBXFileReference; fileEncoding = 4; lastKnownFileType = sourcecode.c.h; path = UITextViewForMemo.h; sourceTree = "<group>"; };
		1F4DEBD61421BF2800F58DC3 /* UITextViewForMemo.m */ = {isa = PBXFileReference; fileEncoding = 4; lastKnownFileType = sourcecode.c.objc; path = UITextViewForMemo.m; sourceTree = "<group>"; };
		1F8689C8142F453F00B2F97C /* CopyrightViewController.h */ = {isa = PBXFileReference; fileEncoding = 4; lastKnownFileType = sourcecode.c.h; path = CopyrightViewController.h; sourceTree = "<group>"; };
		1F8689C9142F453F00B2F97C /* CopyrightViewController.m */ = {isa = PBXFileReference; fileEncoding = 4; lastKnownFileType = sourcecode.c.objc; path = CopyrightViewController.m; sourceTree = "<group>"; };
		1F8689CA142F453F00B2F97C /* CopyrightViewController.xib */ = {isa = PBXFileReference; fileEncoding = 4; lastKnownFileType = file.xib; path = CopyrightViewController.xib; sourceTree = "<group>"; };
		1F8689CB142F453F00B2F97C /* SettingViewController.h */ = {isa = PBXFileReference; fileEncoding = 4; lastKnownFileType = sourcecode.c.h; path = SettingViewController.h; sourceTree = "<group>"; };
		1F8689CC142F453F00B2F97C /* SettingViewController.m */ = {isa = PBXFileReference; fileEncoding = 4; lastKnownFileType = sourcecode.c.objc; path = SettingViewController.m; sourceTree = "<group>"; };
		1F8689CD142F453F00B2F97C /* SettingViewController.xib */ = {isa = PBXFileReference; fileEncoding = 4; lastKnownFileType = file.xib; path = SettingViewController.xib; sourceTree = "<group>"; };
		1F8689D5142F486F00B2F97C /* MessageUI.framework */ = {isa = PBXFileReference; lastKnownFileType = wrapper.framework; name = MessageUI.framework; path = System/Library/Frameworks/MessageUI.framework; sourceTree = SDKROOT; };
		1F8B22D81430E17D0021F163 /* Memo.h */ = {isa = PBXFileReference; fileEncoding = 4; lastKnownFileType = sourcecode.c.h; path = Memo.h; sourceTree = "<group>"; };
		1F8B22D91430E17D0021F163 /* Memo.m */ = {isa = PBXFileReference; fileEncoding = 4; lastKnownFileType = sourcecode.c.objc; path = Memo.m; sourceTree = "<group>"; };
		1F94E0481442ACBE0047A5BA /* en */ = {isa = PBXFileReference; lastKnownFileType = text.plist.strings; name = en; path = en.lproj/Localizable.strings; sourceTree = "<group>"; };
		1F94E04A1442ACD40047A5BA /* ja */ = {isa = PBXFileReference; lastKnownFileType = text.plist.strings; name = ja; path = ja.lproj/Localizable.strings; sourceTree = "<group>"; };
		1F94E07B14432B970047A5BA /* en */ = {isa = PBXFileReference; lastKnownFileType = file.xib; name = en; path = en.lproj/StartGuideViewController.xib; sourceTree = "<group>"; };
		1F9685F6141B33ED00B8CB68 /* EditMemoViewController.h */ = {isa = PBXFileReference; fileEncoding = 4; lastKnownFileType = sourcecode.c.h; path = EditMemoViewController.h; sourceTree = "<group>"; };
		1F9685F7141B33ED00B8CB68 /* EditMemoViewController.m */ = {isa = PBXFileReference; fileEncoding = 4; lastKnownFileType = sourcecode.c.objc; path = EditMemoViewController.m; sourceTree = "<group>"; };
		1F9685F8141B33ED00B8CB68 /* EditMemoViewController.xib */ = {isa = PBXFileReference; fileEncoding = 4; lastKnownFileType = file.xib; path = EditMemoViewController.xib; sourceTree = "<group>"; };
		1F968606141B486600B8CB68 /* AddMemoViewController.h */ = {isa = PBXFileReference; fileEncoding = 4; lastKnownFileType = sourcecode.c.h; path = AddMemoViewController.h; sourceTree = "<group>"; };
		1F968607141B486700B8CB68 /* AddMemoViewController.m */ = {isa = PBXFileReference; fileEncoding = 4; lastKnownFileType = sourcecode.c.objc; path = AddMemoViewController.m; sourceTree = "<group>"; };
		1F968608141B486700B8CB68 /* AddMemoViewController.xib */ = {isa = PBXFileReference; fileEncoding = 4; lastKnownFileType = file.xib; path = AddMemoViewController.xib; sourceTree = "<group>"; };
		1F99B8CA147FF7D50094EF27 /* ImageForStartGuide_en_1.png */ = {isa = PBXFileReference; lastKnownFileType = image.png; path = ImageForStartGuide_en_1.png; sourceTree = "<group>"; };
		1F99B8CB147FF7D50094EF27 /* ImageForStartGuide_en_1@2x.png */ = {isa = PBXFileReference; lastKnownFileType = image.png; path = "ImageForStartGuide_en_1@2x.png"; sourceTree = "<group>"; };
		1F99B8CC147FF7D50094EF27 /* ImageForStartGuide_en_2.png */ = {isa = PBXFileReference; lastKnownFileType = image.png; path = ImageForStartGuide_en_2.png; sourceTree = "<group>"; };
		1F99B8CD147FF7D50094EF27 /* ImageForStartGuide_en_2@2x.png */ = {isa = PBXFileReference; lastKnownFileType = image.png; path = "ImageForStartGuide_en_2@2x.png"; sourceTree = "<group>"; };
		1F99B8CE147FF7D50094EF27 /* ImageForStartGuide_en_3.png */ = {isa = PBXFileReference; lastKnownFileType = image.png; path = ImageForStartGuide_en_3.png; sourceTree = "<group>"; };
		1F99B8CF147FF7D50094EF27 /* ImageForStartGuide_en_3@2x.png */ = {isa = PBXFileReference; lastKnownFileType = image.png; path = "ImageForStartGuide_en_3@2x.png"; sourceTree = "<group>"; };
		1F99B8D1147FF7D50094EF27 /* ImageForStartGuide_jp_1.png */ = {isa = PBXFileReference; lastKnownFileType = image.png; path = ImageForStartGuide_jp_1.png; sourceTree = "<group>"; };
		1F99B8D2147FF7D50094EF27 /* ImageForStartGuide_jp_1@2x.png */ = {isa = PBXFileReference; lastKnownFileType = image.png; path = "ImageForStartGuide_jp_1@2x.png"; sourceTree = "<group>"; };
		1F99B8D3147FF7D50094EF27 /* ImageForStartGuide_jp_2.png */ = {isa = PBXFileReference; lastKnownFileType = image.png; path = ImageForStartGuide_jp_2.png; sourceTree = "<group>"; };
		1F99B8D4147FF7D50094EF27 /* ImageForStartGuide_jp_2@2x.png */ = {isa = PBXFileReference; lastKnownFileType = image.png; path = "ImageForStartGuide_jp_2@2x.png"; sourceTree = "<group>"; };
		1F99B8D5147FF7D50094EF27 /* ImageForStartGuide_jp_3.png */ = {isa = PBXFileReference; lastKnownFileType = image.png; path = ImageForStartGuide_jp_3.png; sourceTree = "<group>"; };
		1F99B8D6147FF7D50094EF27 /* ImageForStartGuide_jp_3@2x.png */ = {isa = PBXFileReference; lastKnownFileType = image.png; path = "ImageForStartGuide_jp_3@2x.png"; sourceTree = "<group>"; };
		1FEBE01614432F0D001BDF57 /* arrowRight.png */ = {isa = PBXFileReference; lastKnownFileType = image.png; path = arrowRight.png; sourceTree = "<group>"; };
		1FEBE01714432F0D001BDF57 /* arrowRight@2x.png */ = {isa = PBXFileReference; lastKnownFileType = image.png; path = "arrowRight@2x.png"; sourceTree = "<group>"; };
		1FEC4FE815F5C41D00D12754 /* EditAlertViewController.h */ = {isa = PBXFileReference; fileEncoding = 4; lastKnownFileType = sourcecode.c.h; path = EditAlertViewController.h; sourceTree = "<group>"; };
		1FEC4FE915F5C41D00D12754 /* EditAlertViewController.m */ = {isa = PBXFileReference; fileEncoding = 4; lastKnownFileType = sourcecode.c.objc; path = EditAlertViewController.m; sourceTree = "<group>"; };
		1FEC4FEA15F5C41D00D12754 /* EditAlertViewController.xib */ = {isa = PBXFileReference; fileEncoding = 4; lastKnownFileType = file.xib; path = EditAlertViewController.xib; sourceTree = "<group>"; };
		1FEC4FF815F5F55100D12754 /* NSDate+Extention.m */ = {isa = PBXFileReference; fileEncoding = 4; lastKnownFileType = sourcecode.c.objc; path = "NSDate+Extention.m"; sourceTree = "<group>"; };
		1FEC4FF915F5F55200D12754 /* NSDate+Extention.h */ = {isa = PBXFileReference; fileEncoding = 4; lastKnownFileType = sourcecode.c.h; path = "NSDate+Extention.h"; sourceTree = "<group>"; };
/* End PBXFileReference section */

/* Begin PBXFrameworksBuildPhase section */
		1F16804A1408D07F005C6216 /* Frameworks */ = {
			isa = PBXFrameworksBuildPhase;
			buildActionMask = 2147483647;
			files = (
				1F4402F1157B435B00FF78A6 /* SystemConfiguration.framework in Frameworks */,
				1F4402EF157B434D00FF78A6 /* CFNetwork.framework in Frameworks */,
				1F8689D6142F486F00B2F97C /* MessageUI.framework in Frameworks */,
				1F1680521408D07F005C6216 /* UIKit.framework in Frameworks */,
				1F1680541408D07F005C6216 /* Foundation.framework in Frameworks */,
				1F1680561408D07F005C6216 /* CoreGraphics.framework in Frameworks */,
				1F1680581408D07F005C6216 /* CoreData.framework in Frameworks */,
			);
			runOnlyForDeploymentPostprocessing = 0;
		};
		1F1680751408D080005C6216 /* Frameworks */ = {
			isa = PBXFrameworksBuildPhase;
			buildActionMask = 2147483647;
			files = (
				1F16807B1408D080005C6216 /* SenTestingKit.framework in Frameworks */,
				1F16807C1408D080005C6216 /* UIKit.framework in Frameworks */,
				1F16807D1408D080005C6216 /* Foundation.framework in Frameworks */,
				1F16807E1408D080005C6216 /* CoreGraphics.framework in Frameworks */,
				1F16807F1408D080005C6216 /* CoreData.framework in Frameworks */,
			);
			runOnlyForDeploymentPostprocessing = 0;
		};
/* End PBXFrameworksBuildPhase section */

/* Begin PBXGroup section */
		1F1680421408D07F005C6216 = {
			isa = PBXGroup;
			children = (
				1F1680591408D07F005C6216 /* BoardMemo */,
				1F1680821408D080005C6216 /* BoardMemoTests */,
				1F1680501408D07F005C6216 /* Frameworks */,
				1F16804E1408D07F005C6216 /* Products */,
			);
			sourceTree = "<group>";
		};
		1F16804E1408D07F005C6216 /* Products */ = {
			isa = PBXGroup;
			children = (
				1F16804D1408D07F005C6216 /* BoardMemo.app */,
				1F1680791408D080005C6216 /* BoardMemoTests.octest */,
			);
			name = Products;
			sourceTree = "<group>";
		};
		1F1680501408D07F005C6216 /* Frameworks */ = {
			isa = PBXGroup;
			children = (
				1F4402F0157B435B00FF78A6 /* SystemConfiguration.framework */,
				1F4402EE157B434D00FF78A6 /* CFNetwork.framework */,
				1F8689D5142F486F00B2F97C /* MessageUI.framework */,
				1F1680511408D07F005C6216 /* UIKit.framework */,
				1F1680531408D07F005C6216 /* Foundation.framework */,
				1F1680551408D07F005C6216 /* CoreGraphics.framework */,
				1F1680571408D07F005C6216 /* CoreData.framework */,
				1F16807A1408D080005C6216 /* SenTestingKit.framework */,
			);
			name = Frameworks;
			sourceTree = "<group>";
		};
		1F1680591408D07F005C6216 /* BoardMemo */ = {
			isa = PBXGroup;
			children = (
				1F94E0491442ACBE0047A5BA /* Localizable.strings */,
				1F1680621408D07F005C6216 /* BoardMemoAppDelegate.h */,
				1F1680631408D07F005C6216 /* BoardMemoAppDelegate.m */,
				1F7549551441CB1500FE7AAE /* MasterView */,
				1F8689AA142EF54B00B2F97C /* MemoView */,
				1F8689B6142F437300B2F97C /* SettingView */,
				1F9685FF141B3AB900B8CB68 /* DB */,
				1F4DEBD01421BA0500F58DC3 /* Library */,
				1F1680971408D6B4005C6216 /* Images */,
				1F16805A1408D07F005C6216 /* Supporting Files */,
			);
			path = BoardMemo;
			sourceTree = "<group>";
		};
		1F16805A1408D07F005C6216 /* Supporting Files */ = {
			isa = PBXGroup;
			children = (
				1F16805B1408D07F005C6216 /* BoardMemo-Info.plist */,
				1F16805C1408D07F005C6216 /* InfoPlist.strings */,
				1F16805F1408D07F005C6216 /* main.m */,
				1F1680611408D07F005C6216 /* BoardMemo-Prefix.pch */,
			);
			name = "Supporting Files";
			sourceTree = "<group>";
		};
		1F1680821408D080005C6216 /* BoardMemoTests */ = {
			isa = PBXGroup;
			children = (
				1F1680881408D080005C6216 /* BoardMemoTests.h */,
				1F1680891408D080005C6216 /* BoardMemoTests.m */,
				1F1680831408D080005C6216 /* Supporting Files */,
			);
			path = BoardMemoTests;
			sourceTree = "<group>";
		};
		1F1680831408D080005C6216 /* Supporting Files */ = {
			isa = PBXGroup;
			children = (
				1F1680841408D080005C6216 /* BoardMemoTests-Info.plist */,
				1F1680851408D080005C6216 /* InfoPlist.strings */,
			);
			name = "Supporting Files";
			sourceTree = "<group>";
		};
		1F1680971408D6B4005C6216 /* Images */ = {
			isa = PBXGroup;
			children = (
				1F1A3FDF1441348200784A9A /* StartGuide */,
				1F1A3FDE1441346500784A9A /* BackGround */,
				1F1A3FDD1441345600784A9A /* Icon */,
			);
			name = Images;
			path = ..;
			sourceTree = "<group>";
		};
		1F1A3FDD1441345600784A9A /* Icon */ = {
			isa = PBXGroup;
			children = (
				1F43DE23144C7D0B00150534 /* Icon@2x.png */,
				1F1680931408D149005C6216 /* Icon.png */,
			);
			name = Icon;
			sourceTree = "<group>";
		};
		1F1A3FDE1441346500784A9A /* BackGround */ = {
			isa = PBXGroup;
			children = (
				1F16809E1408D924005C6216 /* BulletinListLinen.png */,
				1F16809F1408D924005C6216 /* BulletinListLinen@2x.png */,
			);
			name = BackGround;
			sourceTree = "<group>";
		};
		1F1A3FDF1441348200784A9A /* StartGuide */ = {
			isa = PBXGroup;
			children = (
				1F99B8C9147FF7D50094EF27 /* en */,
				1F99B8D0147FF7D50094EF27 /* jp */,
				1FEBE01614432F0D001BDF57 /* arrowRight.png */,
				1FEBE01714432F0D001BDF57 /* arrowRight@2x.png */,
			);
			name = StartGuide;
			sourceTree = "<group>";
		};
		1F4402DE157B3B4200FF78A6 /* Appirater */ = {
			isa = PBXGroup;
			children = (
				1F4402E7157B3B8900FF78A6 /* Appirater.h */,
				1F4402E8157B3B8900FF78A6 /* Appirater.m */,
			);
			name = Appirater;
			sourceTree = "<group>";
		};
		1F4402E0157B3B4D00FF78A6 /* AAMFeedback */ = {
			isa = PBXGroup;
			children = (
				1F4402E1157B3B7600FF78A6 /* AAMFeedbackTopicsViewController.m */,
				1F4402E2157B3B7600FF78A6 /* AAMFeedbackViewController.h */,
				1F4402E3157B3B7600FF78A6 /* AAMFeedbackViewController.m */,
				1F4402E4157B3B7600FF78A6 /* AAMFeedbackTopicsViewController.h */,
			);
			name = AAMFeedback;
			sourceTree = "<group>";
		};
		1F4DEBD01421BA0500F58DC3 /* Library */ = {
			isa = PBXGroup;
			children = (
				1F4402E0157B3B4D00FF78A6 /* AAMFeedback */,
				1F4402DE157B3B4200FF78A6 /* Appirater */,
			);
			name = Library;
			sourceTree = "<group>";
		};
		1F7549551441CB1500FE7AAE /* MasterView */ = {
			isa = PBXGroup;
			children = (
				1F96861A141BB20D00B8CB68 /* Cell */,
				1F1680681408D07F005C6216 /* MasterViewController.h */,
				1F1680691408D07F005C6216 /* MasterViewController.m */,
				1F16806E1408D07F005C6216 /* MasterViewController.xib */,
			);
			name = MasterView;
			sourceTree = "<group>";
		};
		1F8689AA142EF54B00B2F97C /* MemoView */ = {
			isa = PBXGroup;
			children = (
				1F4DEBD51421BF2800F58DC3 /* UITextViewForMemo.h */,
				1F4DEBD61421BF2800F58DC3 /* UITextViewForMemo.m */,
				1F9685F6141B33ED00B8CB68 /* EditMemoViewController.h */,
				1F9685F7141B33ED00B8CB68 /* EditMemoViewController.m */,
				1F9685F8141B33ED00B8CB68 /* EditMemoViewController.xib */,
				1F968606141B486600B8CB68 /* AddMemoViewController.h */,
				1F968607141B486700B8CB68 /* AddMemoViewController.m */,
				1F968608141B486700B8CB68 /* AddMemoViewController.xib */,
			);
			name = MemoView;
			sourceTree = "<group>";
		};
		1F8689B6142F437300B2F97C /* SettingView */ = {
			isa = PBXGroup;
			children = (
				1F8689CB142F453F00B2F97C /* SettingViewController.h */,
				1F8689CC142F453F00B2F97C /* SettingViewController.m */,
				1F8689CD142F453F00B2F97C /* SettingViewController.xib */,
				1FEC4FE815F5C41D00D12754 /* EditAlertViewController.h */,
				1FEC4FE915F5C41D00D12754 /* EditAlertViewController.m */,
				1FEC4FEA15F5C41D00D12754 /* EditAlertViewController.xib */,
				1FEC4FF915F5F55200D12754 /* NSDate+Extention.h */,
				1FEC4FF815F5F55100D12754 /* NSDate+Extention.m */,
				1F1A3FD714412CC300784A9A /* StartGuideViewController.h */,
				1F32E3DA147F23C8006E3B0A /* StartGuideViewController.m */,
				1F94E07C14432B970047A5BA /* StartGuideViewController.xib */,
				1F8689C8142F453F00B2F97C /* CopyrightViewController.h */,
				1F8689C9142F453F00B2F97C /* CopyrightViewController.m */,
				1F8689CA142F453F00B2F97C /* CopyrightViewController.xib */,
			);
			name = SettingView;
			sourceTree = "<group>";
		};
		1F9685FF141B3AB900B8CB68 /* DB */ = {
			isa = PBXGroup;
			children = (
				1F1680651408D07F005C6216 /* BoardMemo.xcdatamodeld */,
				1F8B22D81430E17D0021F163 /* Memo.h */,
				1F8B22D91430E17D0021F163 /* Memo.m */,
			);
			name = DB;
			sourceTree = "<group>";
		};
		1F96861A141BB20D00B8CB68 /* Cell */ = {
			isa = PBXGroup;
			children = (
				1F035E6B1429A3160086B572 /* CustomCell.h */,
				1F035E6C1429A3160086B572 /* CustomCell.m */,
				1F035E6D1429A3160086B572 /* CustomCell.xib */,
			);
			name = Cell;
			sourceTree = "<group>";
		};
		1F99B8C9147FF7D50094EF27 /* en */ = {
			isa = PBXGroup;
			children = (
				1F99B8CA147FF7D50094EF27 /* ImageForStartGuide_en_1.png */,
				1F99B8CB147FF7D50094EF27 /* ImageForStartGuide_en_1@2x.png */,
				1F99B8CC147FF7D50094EF27 /* ImageForStartGuide_en_2.png */,
				1F99B8CD147FF7D50094EF27 /* ImageForStartGuide_en_2@2x.png */,
				1F99B8CE147FF7D50094EF27 /* ImageForStartGuide_en_3.png */,
				1F99B8CF147FF7D50094EF27 /* ImageForStartGuide_en_3@2x.png */,
			);
			path = en;
			sourceTree = "<group>";
		};
		1F99B8D0147FF7D50094EF27 /* jp */ = {
			isa = PBXGroup;
			children = (
				1F99B8D1147FF7D50094EF27 /* ImageForStartGuide_jp_1.png */,
				1F99B8D2147FF7D50094EF27 /* ImageForStartGuide_jp_1@2x.png */,
				1F99B8D3147FF7D50094EF27 /* ImageForStartGuide_jp_2.png */,
				1F99B8D4147FF7D50094EF27 /* ImageForStartGuide_jp_2@2x.png */,
				1F99B8D5147FF7D50094EF27 /* ImageForStartGuide_jp_3.png */,
				1F99B8D6147FF7D50094EF27 /* ImageForStartGuide_jp_3@2x.png */,
			);
			path = jp;
			sourceTree = "<group>";
		};
/* End PBXGroup section */

/* Begin PBXNativeTarget section */
		1F16804C1408D07F005C6216 /* BoardMemo */ = {
			isa = PBXNativeTarget;
			buildConfigurationList = 1F16808D1408D080005C6216 /* Build configuration list for PBXNativeTarget "BoardMemo" */;
			buildPhases = (
				1F1680491408D07F005C6216 /* Sources */,
				1F16804A1408D07F005C6216 /* Frameworks */,
				1F16804B1408D07F005C6216 /* Resources */,
			);
			buildRules = (
			);
			dependencies = (
			);
			name = BoardMemo;
			productName = BoardMemo;
			productReference = 1F16804D1408D07F005C6216 /* BoardMemo.app */;
			productType = "com.apple.product-type.application";
		};
		1F1680781408D080005C6216 /* BoardMemoTests */ = {
			isa = PBXNativeTarget;
			buildConfigurationList = 1F1680901408D080005C6216 /* Build configuration list for PBXNativeTarget "BoardMemoTests" */;
			buildPhases = (
				1F1680741408D080005C6216 /* Sources */,
				1F1680751408D080005C6216 /* Frameworks */,
				1F1680761408D080005C6216 /* Resources */,
				1F1680771408D080005C6216 /* ShellScript */,
			);
			buildRules = (
			);
			dependencies = (
				1F1680811408D080005C6216 /* PBXTargetDependency */,
			);
			name = BoardMemoTests;
			productName = BoardMemoTests;
			productReference = 1F1680791408D080005C6216 /* BoardMemoTests.octest */;
			productType = "com.apple.product-type.bundle";
		};
/* End PBXNativeTarget section */

/* Begin PBXProject section */
		1F1680441408D07F005C6216 /* Project object */ = {
			isa = PBXProject;
			attributes = {
				LastUpgradeCheck = 0420;
			};
			buildConfigurationList = 1F1680471408D07F005C6216 /* Build configuration list for PBXProject "BoardMemo" */;
			compatibilityVersion = "Xcode 3.2";
			developmentRegion = English;
			hasScannedForEncodings = 0;
			knownRegions = (
				en,
				ja,
				"zh-Hans",
				ko,
			);
			mainGroup = 1F1680421408D07F005C6216;
			productRefGroup = 1F16804E1408D07F005C6216 /* Products */;
			projectDirPath = "";
			projectRoot = "";
			targets = (
				1F16804C1408D07F005C6216 /* BoardMemo */,
				1F1680781408D080005C6216 /* BoardMemoTests */,
			);
		};
/* End PBXProject section */

/* Begin PBXResourcesBuildPhase section */
		1F16804B1408D07F005C6216 /* Resources */ = {
			isa = PBXResourcesBuildPhase;
			buildActionMask = 2147483647;
			files = (
				1F16805E1408D07F005C6216 /* InfoPlist.strings in Resources */,
				1F1680701408D07F005C6216 /* MasterViewController.xib in Resources */,
				1F1680941408D149005C6216 /* Icon.png in Resources */,
				1F1680A01408D924005C6216 /* BulletinListLinen.png in Resources */,
				1F1680A11408D924005C6216 /* BulletinListLinen@2x.png in Resources */,
				1F9685FA141B33ED00B8CB68 /* EditMemoViewController.xib in Resources */,
				1F96860A141B486700B8CB68 /* AddMemoViewController.xib in Resources */,
				1F035E6F1429A3160086B572 /* CustomCell.xib in Resources */,
				1F8689CF142F453F00B2F97C /* CopyrightViewController.xib in Resources */,
				1F8689D1142F453F00B2F97C /* SettingViewController.xib in Resources */,
				1F94E07A14432B970047A5BA /* StartGuideViewController.xib in Resources */,
				1F94E0471442ACBE0047A5BA /* Localizable.strings in Resources */,
				1FEBE01814432F0D001BDF57 /* arrowRight.png in Resources */,
				1FEBE01914432F0D001BDF57 /* arrowRight@2x.png in Resources */,
				1F43DE24144C7D0B00150534 /* Icon@2x.png in Resources */,
				1F99B8E4147FF7D50094EF27 /* ImageForStartGuide_en_1.png in Resources */,
				1F99B8E5147FF7D50094EF27 /* ImageForStartGuide_en_1@2x.png in Resources */,
				1F99B8E6147FF7D50094EF27 /* ImageForStartGuide_en_2.png in Resources */,
				1F99B8E7147FF7D50094EF27 /* ImageForStartGuide_en_2@2x.png in Resources */,
				1F99B8E8147FF7D50094EF27 /* ImageForStartGuide_en_3.png in Resources */,
				1F99B8E9147FF7D50094EF27 /* ImageForStartGuide_en_3@2x.png in Resources */,
				1F99B8EA147FF7D50094EF27 /* ImageForStartGuide_jp_1.png in Resources */,
				1F99B8EB147FF7D50094EF27 /* ImageForStartGuide_jp_1@2x.png in Resources */,
				1F99B8EC147FF7D50094EF27 /* ImageForStartGuide_jp_2.png in Resources */,
				1F99B8ED147FF7D50094EF27 /* ImageForStartGuide_jp_2@2x.png in Resources */,
				1F99B8EE147FF7D50094EF27 /* ImageForStartGuide_jp_3.png in Resources */,
				1F99B8EF147FF7D50094EF27 /* ImageForStartGuide_jp_3@2x.png in Resources */,
				1FEC4FEC15F5C41D00D12754 /* EditAlertViewController.xib in Resources */,
			);
			runOnlyForDeploymentPostprocessing = 0;
		};
		1F1680761408D080005C6216 /* Resources */ = {
			isa = PBXResourcesBuildPhase;
			buildActionMask = 2147483647;
			files = (
				1F1680871408D080005C6216 /* InfoPlist.strings in Resources */,
			);
			runOnlyForDeploymentPostprocessing = 0;
		};
/* End PBXResourcesBuildPhase section */

/* Begin PBXShellScriptBuildPhase section */
		1F1680771408D080005C6216 /* ShellScript */ = {
			isa = PBXShellScriptBuildPhase;
			buildActionMask = 2147483647;
			files = (
			);
			inputPaths = (
			);
			outputPaths = (
			);
			runOnlyForDeploymentPostprocessing = 0;
			shellPath = /bin/sh;
			shellScript = "# Run the unit tests in this test bundle.\n\"${SYSTEM_DEVELOPER_DIR}/Tools/RunUnitTests\"\n";
		};
/* End PBXShellScriptBuildPhase section */

/* Begin PBXSourcesBuildPhase section */
		1F1680491408D07F005C6216 /* Sources */ = {
			isa = PBXSourcesBuildPhase;
			buildActionMask = 2147483647;
			files = (
				1F1680601408D07F005C6216 /* main.m in Sources */,
				1F1680641408D07F005C6216 /* BoardMemoAppDelegate.m in Sources */,
				1F1680671408D07F005C6216 /* BoardMemo.xcdatamodeld in Sources */,
				1F16806A1408D07F005C6216 /* MasterViewController.m in Sources */,
				1F9685F9141B33ED00B8CB68 /* EditMemoViewController.m in Sources */,
				1F968609141B486700B8CB68 /* AddMemoViewController.m in Sources */,
				1F4DEBD71421BF2800F58DC3 /* UITextViewForMemo.m in Sources */,
				1F035E6E1429A3160086B572 /* CustomCell.m in Sources */,
				1F8689CE142F453F00B2F97C /* CopyrightViewController.m in Sources */,
				1F8689D0142F453F00B2F97C /* SettingViewController.m in Sources */,
				1F8B22DA1430E17D0021F163 /* Memo.m in Sources */,
				1F32E3D9147F23C8006E3B0A /* StartGuideViewController.m in Sources */,
				1F4402E5157B3B7600FF78A6 /* AAMFeedbackTopicsViewController.m in Sources */,
				1F4402E6157B3B7600FF78A6 /* AAMFeedbackViewController.m in Sources */,
				1F4402E9157B3B8900FF78A6 /* Appirater.m in Sources */,
				1FEC4FEB15F5C41D00D12754 /* EditAlertViewController.m in Sources */,
				1FEC4FFA15F5F55200D12754 /* NSDate+Extention.m in Sources */,
			);
			runOnlyForDeploymentPostprocessing = 0;
		};
		1F1680741408D080005C6216 /* Sources */ = {
			isa = PBXSourcesBuildPhase;
			buildActionMask = 2147483647;
			files = (
				1F16808A1408D080005C6216 /* BoardMemoTests.m in Sources */,
			);
			runOnlyForDeploymentPostprocessing = 0;
		};
/* End PBXSourcesBuildPhase section */

/* Begin PBXTargetDependency section */
		1F1680811408D080005C6216 /* PBXTargetDependency */ = {
			isa = PBXTargetDependency;
			target = 1F16804C1408D07F005C6216 /* BoardMemo */;
			targetProxy = 1F1680801408D080005C6216 /* PBXContainerItemProxy */;
		};
/* End PBXTargetDependency section */

/* Begin PBXVariantGroup section */
		1F16805C1408D07F005C6216 /* InfoPlist.strings */ = {
			isa = PBXVariantGroup;
			children = (
				1F16805D1408D07F005C6216 /* en */,
			);
			name = InfoPlist.strings;
			sourceTree = "<group>";
		};
		1F16806E1408D07F005C6216 /* MasterViewController.xib */ = {
			isa = PBXVariantGroup;
			children = (
				1F16806F1408D07F005C6216 /* en */,
			);
			name = MasterViewController.xib;
			sourceTree = "<group>";
		};
		1F1680851408D080005C6216 /* InfoPlist.strings */ = {
			isa = PBXVariantGroup;
			children = (
				1F1680861408D080005C6216 /* en */,
			);
			name = InfoPlist.strings;
			sourceTree = "<group>";
		};
		1F94E0491442ACBE0047A5BA /* Localizable.strings */ = {
			isa = PBXVariantGroup;
			children = (
				1F94E0481442ACBE0047A5BA /* en */,
				1F94E04A1442ACD40047A5BA /* ja */,
			);
			name = Localizable.strings;
			sourceTree = "<group>";
		};
		1F94E07C14432B970047A5BA /* StartGuideViewController.xib */ = {
			isa = PBXVariantGroup;
			children = (
				1F94E07B14432B970047A5BA /* en */,
			);
			name = StartGuideViewController.xib;
			sourceTree = "<group>";
		};
/* End PBXVariantGroup section */

/* Begin XCBuildConfiguration section */
		1F035E68142979570086B572 /* AdHoc */ = {
			isa = XCBuildConfiguration;
			buildSettings = {
				ALWAYS_SEARCH_USER_PATHS = NO;
				ARCHS = "$(ARCHS_STANDARD_32_BIT)";
				CLANG_ENABLE_OBJC_ARC = YES;
				CODE_SIGN_IDENTITY = "iPhone Distribution: Ken Tsutsumi";
				"CODE_SIGN_IDENTITY[sdk=iphoneos*]" = "iPhone Distribution: Ken Tsutsumi";
				COPY_PHASE_STRIP = YES;
				GCC_C_LANGUAGE_STANDARD = gnu99;
				GCC_VERSION = com.apple.compilers.llvm.clang.1_0;
				GCC_WARN_ABOUT_MISSING_PROTOTYPES = YES;
				GCC_WARN_ABOUT_RETURN_TYPE = YES;
				GCC_WARN_UNUSED_VARIABLE = YES;
				IPHONEOS_DEPLOYMENT_TARGET = 5.0;
				OTHER_CFLAGS = "-DNS_BLOCK_ASSERTIONS=1";
				PROVISIONING_PROFILE = "A9C07D2D-0298-433F-91AD-E4DFEB928EC8";
				"PROVISIONING_PROFILE[sdk=iphoneos*]" = "A9C07D2D-0298-433F-91AD-E4DFEB928EC8";
				SDKROOT = iphoneos5.0;
				VALIDATE_PRODUCT = YES;
			};
			name = AdHoc;
		};
		1F035E69142979570086B572 /* AdHoc */ = {
			isa = XCBuildConfiguration;
			buildSettings = {
				CODE_SIGN_IDENTITY = "iPhone Distribution: Ken Tsutsumi";
				"CODE_SIGN_IDENTITY[sdk=iphoneos*]" = "iPhone Distribution: Ken Tsutsumi";
				GCC_PRECOMPILE_PREFIX_HEADER = YES;
				GCC_PREFIX_HEADER = "BoardMemo/BoardMemo-Prefix.pch";
				INFOPLIST_FILE = "BoardMemo/BoardMemo-Info.plist";
				IPHONEOS_DEPLOYMENT_TARGET = 5.0;
				LIBRARY_SEARCH_PATHS = (
					"$(inherited)",
					"\"$(SRCROOT)/BoardMemo\"",
				);
				PRODUCT_NAME = "$(TARGET_NAME)";
				PROVISIONING_PROFILE = "269C388B-98B5-4C66-BA8A-2DA49EE5ED3D";
				"PROVISIONING_PROFILE[sdk=iphoneos*]" = "269C388B-98B5-4C66-BA8A-2DA49EE5ED3D";
				SDKROOT = iphoneos5.1;
				TARGETED_DEVICE_FAMILY = 1;
				WRAPPER_EXTENSION = app;
			};
			name = AdHoc;
		};
		1F035E6A142979570086B572 /* AdHoc */ = {
			isa = XCBuildConfiguration;
			buildSettings = {
				BUNDLE_LOADER = "$(BUILT_PRODUCTS_DIR)/BoardMemo.app/BoardMemo";
				FRAMEWORK_SEARCH_PATHS = (
					"$(SDKROOT)/Developer/Library/Frameworks",
					"$(DEVELOPER_LIBRARY_DIR)/Frameworks",
				);
				GCC_PRECOMPILE_PREFIX_HEADER = YES;
				GCC_PREFIX_HEADER = "BoardMemo/BoardMemo-Prefix.pch";
				INFOPLIST_FILE = "BoardMemoTests/BoardMemoTests-Info.plist";
				PRODUCT_NAME = "$(TARGET_NAME)";
				SDKROOT = iphoneos5.1;
				TEST_HOST = "$(BUNDLE_LOADER)";
				WRAPPER_EXTENSION = octest;
			};
			name = AdHoc;
		};
		1F16808B1408D080005C6216 /* Debug */ = {
			isa = XCBuildConfiguration;
			buildSettings = {
				ALWAYS_SEARCH_USER_PATHS = NO;
				ARCHS = "$(ARCHS_STANDARD_32_BIT)";
				CLANG_ENABLE_OBJC_ARC = YES;
				CODE_SIGN_IDENTITY = "iPhone Developer: Ken Tsutsumi (5TFUJSDX5M)";
				"CODE_SIGN_IDENTITY[sdk=iphoneos*]" = "iPhone Developer: Ken Tsutsumi (5TFUJSDX5M)";
				COPY_PHASE_STRIP = NO;
				GCC_C_LANGUAGE_STANDARD = gnu99;
				GCC_DYNAMIC_NO_PIC = NO;
				GCC_OPTIMIZATION_LEVEL = 0;
				GCC_PREPROCESSOR_DEFINITIONS = (
					"DEBUG=1",
					"$(inherited)",
				);
				GCC_SYMBOLS_PRIVATE_EXTERN = NO;
				GCC_VERSION = com.apple.compilers.llvm.clang.1_0;
				GCC_WARN_ABOUT_MISSING_PROTOTYPES = YES;
				GCC_WARN_ABOUT_RETURN_TYPE = YES;
				GCC_WARN_UNUSED_VARIABLE = YES;
				IPHONEOS_DEPLOYMENT_TARGET = 5.0;
				PROVISIONING_PROFILE = "B40F7642-E8F3-4083-ACB5-A889424109CE";
				"PROVISIONING_PROFILE[sdk=iphoneos*]" = "B40F7642-E8F3-4083-ACB5-A889424109CE";
				SDKROOT = iphoneos5.0;
			};
			name = Debug;
		};
		1F16808C1408D080005C6216 /* Release */ = {
			isa = XCBuildConfiguration;
			buildSettings = {
				ALWAYS_SEARCH_USER_PATHS = NO;
				ARCHS = "$(ARCHS_STANDARD_32_BIT)";
				CLANG_ENABLE_OBJC_ARC = YES;
				CODE_SIGN_IDENTITY = "iPhone Distribution: Ken Tsutsumi";
				"CODE_SIGN_IDENTITY[sdk=iphoneos*]" = "iPhone Distribution: Ken Tsutsumi";
				COPY_PHASE_STRIP = YES;
				GCC_C_LANGUAGE_STANDARD = gnu99;
				GCC_VERSION = com.apple.compilers.llvm.clang.1_0;
				GCC_WARN_ABOUT_MISSING_PROTOTYPES = YES;
				GCC_WARN_ABOUT_RETURN_TYPE = YES;
				GCC_WARN_UNUSED_VARIABLE = YES;
				IPHONEOS_DEPLOYMENT_TARGET = 5.0;
				OTHER_CFLAGS = "-DNS_BLOCK_ASSERTIONS=1";
				PROVISIONING_PROFILE = "5A244E1B-C53A-4D76-84AD-C5AEF9CC0544";
				"PROVISIONING_PROFILE[sdk=iphoneos*]" = "5A244E1B-C53A-4D76-84AD-C5AEF9CC0544";
				SDKROOT = iphoneos5.0;
				VALIDATE_PRODUCT = YES;
			};
			name = Release;
		};
		1F16808E1408D080005C6216 /* Debug */ = {
			isa = XCBuildConfiguration;
			buildSettings = {
				CODE_SIGN_IDENTITY = "iPhone Developer: Ken Tsutsumi (5TFUJSDX5M)";
				"CODE_SIGN_IDENTITY[sdk=iphoneos*]" = "iPhone Developer: Ken Tsutsumi (5TFUJSDX5M)";
				GCC_PRECOMPILE_PREFIX_HEADER = YES;
				GCC_PREFIX_HEADER = "BoardMemo/BoardMemo-Prefix.pch";
				INFOPLIST_FILE = "BoardMemo/BoardMemo-Info.plist";
				IPHONEOS_DEPLOYMENT_TARGET = 5.0;
				LIBRARY_SEARCH_PATHS = (
					"$(inherited)",
					"\"$(SRCROOT)/BoardMemo\"",
				);
				PRODUCT_NAME = "$(TARGET_NAME)";
				PROVISIONING_PROFILE = "BE25FE14-45D2-4667-BC07-D41685E2704E";
				"PROVISIONING_PROFILE[sdk=iphoneos*]" = "BE25FE14-45D2-4667-BC07-D41685E2704E";
				SDKROOT = iphoneos5.1;
				TARGETED_DEVICE_FAMILY = 1;
				WRAPPER_EXTENSION = app;
			};
			name = Debug;
		};
		1F16808F1408D080005C6216 /* Release */ = {
			isa = XCBuildConfiguration;
			buildSettings = {
				CODE_SIGN_IDENTITY = "iPhone Distribution: Ken Tsutsumi";
				"CODE_SIGN_IDENTITY[sdk=iphoneos*]" = "iPhone Distribution: Ken Tsutsumi";
				GCC_PRECOMPILE_PREFIX_HEADER = YES;
				GCC_PREFIX_HEADER = "BoardMemo/BoardMemo-Prefix.pch";
				INFOPLIST_FILE = "BoardMemo/BoardMemo-Info.plist";
				IPHONEOS_DEPLOYMENT_TARGET = 5.0;
				LIBRARY_SEARCH_PATHS = (
					"$(inherited)",
					"\"$(SRCROOT)/BoardMemo\"",
				);
				PRODUCT_NAME = "$(TARGET_NAME)";
				PROVISIONING_PROFILE = "52361023-80C8-42C2-A407-7B40E85B76D3";
				"PROVISIONING_PROFILE[sdk=iphoneos*]" = "52361023-80C8-42C2-A407-7B40E85B76D3";
				SDKROOT = iphoneos5.1;
				TARGETED_DEVICE_FAMILY = 1;
				WRAPPER_EXTENSION = app;
			};
			name = Release;
		};
		1F1680911408D080005C6216 /* Debug */ = {
			isa = XCBuildConfiguration;
			buildSettings = {
				BUNDLE_LOADER = "$(BUILT_PRODUCTS_DIR)/BoardMemo.app/BoardMemo";
				FRAMEWORK_SEARCH_PATHS = (
					"$(SDKROOT)/Developer/Library/Frameworks",
					"$(DEVELOPER_LIBRARY_DIR)/Frameworks",
				);
				GCC_PRECOMPILE_PREFIX_HEADER = YES;
				GCC_PREFIX_HEADER = "BoardMemo/BoardMemo-Prefix.pch";
				INFOPLIST_FILE = "BoardMemoTests/BoardMemoTests-Info.plist";
				PRODUCT_NAME = "$(TARGET_NAME)";
				SDKROOT = iphoneos5.1;
				TEST_HOST = "$(BUNDLE_LOADER)";
				WRAPPER_EXTENSION = octest;
			};
			name = Debug;
		};
		1F1680921408D080005C6216 /* Release */ = {
			isa = XCBuildConfiguration;
			buildSettings = {
				BUNDLE_LOADER = "$(BUILT_PRODUCTS_DIR)/BoardMemo.app/BoardMemo";
				FRAMEWORK_SEARCH_PATHS = (
					"$(SDKROOT)/Developer/Library/Frameworks",
					"$(DEVELOPER_LIBRARY_DIR)/Frameworks",
				);
				GCC_PRECOMPILE_PREFIX_HEADER = YES;
				GCC_PREFIX_HEADER = "BoardMemo/BoardMemo-Prefix.pch";
				INFOPLIST_FILE = "BoardMemoTests/BoardMemoTests-Info.plist";
				PRODUCT_NAME = "$(TARGET_NAME)";
				SDKROOT = iphoneos5.1;
				TEST_HOST = "$(BUNDLE_LOADER)";
				WRAPPER_EXTENSION = octest;
			};
			name = Release;
		};
/* End XCBuildConfiguration section */

/* Begin XCConfigurationList section */
		1F1680471408D07F005C6216 /* Build configuration list for PBXProject "BoardMemo" */ = {
			isa = XCConfigurationList;
			buildConfigurations = (
				1F16808B1408D080005C6216 /* Debug */,
				1F16808C1408D080005C6216 /* Release */,
				1F035E68142979570086B572 /* AdHoc */,
			);
			defaultConfigurationIsVisible = 0;
			defaultConfigurationName = Release;
		};
		1F16808D1408D080005C6216 /* Build configuration list for PBXNativeTarget "BoardMemo" */ = {
			isa = XCConfigurationList;
			buildConfigurations = (
				1F16808E1408D080005C6216 /* Debug */,
				1F16808F1408D080005C6216 /* Release */,
				1F035E69142979570086B572 /* AdHoc */,
			);
			defaultConfigurationIsVisible = 0;
			defaultConfigurationName = Release;
		};
		1F1680901408D080005C6216 /* Build configuration list for PBXNativeTarget "BoardMemoTests" */ = {
			isa = XCConfigurationList;
			buildConfigurations = (
				1F1680911408D080005C6216 /* Debug */,
				1F1680921408D080005C6216 /* Release */,
				1F035E6A142979570086B572 /* AdHoc */,
			);
			defaultConfigurationIsVisible = 0;
			defaultConfigurationName = Release;
		};
/* End XCConfigurationList section */

/* Begin XCVersionGroup section */
		1F1680651408D07F005C6216 /* BoardMemo.xcdatamodeld */ = {
			isa = XCVersionGroup;
			children = (
				1F1680661408D07F005C6216 /* BoardMemo.xcdatamodel */,
			);
			currentVersion = 1F1680661408D07F005C6216 /* BoardMemo.xcdatamodel */;
			path = BoardMemo.xcdatamodeld;
			sourceTree = "<group>";
			versionGroupType = wrapper.xcdatamodel;
		};
/* End XCVersionGroup section */
	};
	rootObject = 1F1680441408D07F005C6216 /* Project object */;
}
